
Microsoft Visual Studio Solution File, Format Version 12.00
# Visual Studio Version 16
VisualStudioVersion = 16.0.31019.35
MinimumVisualStudioVersion = 10.0.40219.1
Project("{9A19103F-16F7-4668-BE54-9A1E7A4F7556}") = "Server", "ServerTimeHW\Server.csproj", "{7DD2D306-AC11-4D07-BC3C-E80793EA7EC5}"
EndProject
Project("{9A19103F-16F7-4668-BE54-9A1E7A4F7556}") = "Client", "Client\Client.csproj", "{B25AF4DA-106D-4263-B20B-4E45A31C1CDC}"
EndProject
Project("{9A19103F-16F7-4668-BE54-9A1E7A4F7556}") = "NetHelper", "NetHelper\NetHelper.csproj", "{FE2764F1-F4C9-4040-AE7B-4685E13D68AD}"
EndProject
Global
	GlobalSection(SolutionConfigurationPlatforms) = preSolution
		Debug|Any CPU = Debug|Any CPU
		Release|Any CPU = Release|Any CPU
	EndGlobalSection
	GlobalSection(ProjectConfigurationPlatforms) = postSolution
		{7DD2D306-AC11-4D07-BC3C-E80793EA7EC5}.Debug|Any CPU.ActiveCfg = Debug|Any CPU
		{7DD2D306-AC11-4D07-BC3C-E80793EA7EC5}.Debug|Any CPU.Build.0 = Debug|Any CPU
		{7DD2D306-AC11-4D07-BC3C-E80793EA7EC5}.Release|Any CPU.ActiveCfg = Release|Any CPU
		{7DD2D306-AC11-4D07-BC3C-E80793EA7EC5}.Release|Any CPU.Build.0 = Release|Any CPU
		{B25AF4DA-106D-4263-B20B-4E45A31C1CDC}.Debug|Any CPU.ActiveCfg = Debug|Any CPU
		{B25AF4DA-106D-4263-B20B-4E45A31C1CDC}.Debug|Any CPU.Build.0 = Debug|Any CPU
		{B25AF4DA-106D-4263-B20B-4E45A31C1CDC}.Release|Any CPU.ActiveCfg = Release|Any CPU
		{B25AF4DA-106D-4263-B20B-4E45A31C1CDC}.Release|Any CPU.Build.0 = Release|Any CPU
		{FE2764F1-F4C9-4040-AE7B-4685E13D68AD}.Debug|Any CPU.ActiveCfg = Debug|Any CPU
		{FE2764F1-F4C9-4040-AE7B-4685E13D68AD}.Debug|Any CPU.Build.0 = Debug|Any CPU
		{FE2764F1-F4C9-4040-AE7B-4685E13D68AD}.Release|Any CPU.ActiveCfg = Release|Any CPU
		{FE2764F1-F4C9-4040-AE7B-4685E13D68AD}.Release|Any CPU.Build.0 = Release|Any CPU
	EndGlobalSection
	GlobalSection(SolutionProperties) = preSolution
		HideSolutionNode = FALSE
	EndGlobalSection
	GlobalSection(ExtensibilityGlobals) = postSolution
		SolutionGuid = {A31BA002-4A33-4BC8-910B-0F6DBFAF1EA3}
	EndGlobalSection
EndGlobal
